
Microsoft Visual Studio Solution File, Format Version 12.00
# Visual Studio Version 17
VisualStudioVersion = 17.7.34031.279
MinimumVisualStudioVersion = 10.0.40219.1
Project("{FAE04EC0-301F-11D3-BF4B-00C04F79EFBC}") = "WinFormsApp16", "WinFormsApp16\WinFormsApp16.csproj", "{19DAAD29-5D3A-442C-9EDD-8AD16FEA53BA}"
EndProject
Global
	GlobalSection(SolutionConfigurationPlatforms) = preSolution
		Debug|Any CPU = Debug|Any CPU
		Release|Any CPU = Release|Any CPU
	EndGlobalSection
	GlobalSection(ProjectConfigurationPlatforms) = postSolution
		{19DAAD29-5D3A-442C-9EDD-8AD16FEA53BA}.Debug|Any CPU.ActiveCfg = Debug|Any CPU
		{19DAAD29-5D3A-442C-9EDD-8AD16FEA53BA}.Debug|Any CPU.Build.0 = Debug|Any CPU
		{19DAAD29-5D3A-442C-9EDD-8AD16FEA53BA}.Release|Any CPU.ActiveCfg = Release|Any CPU
		{19DAAD29-5D3A-442C-9EDD-8AD16FEA53BA}.Release|Any CPU.Build.0 = Release|Any CPU
	EndGlobalSection
	GlobalSection(SolutionProperties) = preSolution
		HideSolutionNode = FALSE
	EndGlobalSection
	GlobalSection(ExtensibilityGlobals) = postSolution
		SolutionGuid = {0A636B8F-50F4-4B90-AD0D-1A3C85EF1A13}
	EndGlobalSection
EndGlobal
